
Microsoft Visual Studio Solution File, Format Version 12.00
Project("{2150E333-8FDC-42A3-9474-1A3956D46DE8}") = "src", "src", "{B9B3342E-38B2-46D4-BEBD-A9A5A2DED853}"
EndProject
Project("{FAE04EC0-301F-11D3-BF4B-00C04F79EFBC}") = "LogExplorer", "LogExplorer\LogExplorer.csproj", "{36D80CC9-50EE-43B7-AE30-5319BF560178}"
EndProject
Global
	GlobalSection(SolutionConfigurationPlatforms) = preSolution
		Debug|Any CPU = Debug|Any CPU
		Release|Any CPU = Release|Any CPU
	EndGlobalSection
	GlobalSection(NestedProjects) = preSolution
		{36D80CC9-50EE-43B7-AE30-5319BF560178} = {B9B3342E-38B2-46D4-BEBD-A9A5A2DED853}
	EndGlobalSection
	GlobalSection(ProjectConfigurationPlatforms) = postSolution
		{36D80CC9-50EE-43B7-AE30-5319BF560178}.Debug|Any CPU.ActiveCfg = Debug|Any CPU
		{36D80CC9-50EE-43B7-AE30-5319BF560178}.Debug|Any CPU.Build.0 = Debug|Any CPU
		{36D80CC9-50EE-43B7-AE30-5319BF560178}.Release|Any CPU.ActiveCfg = Release|Any CPU
		{36D80CC9-50EE-43B7-AE30-5319BF560178}.Release|Any CPU.Build.0 = Release|Any CPU
	EndGlobalSection
EndGlobal
